
Microsoft Visual Studio Solution File, Format Version 12.00
# Visual Studio Version 17
VisualStudioVersion = 17.3.32819.101
MinimumVisualStudioVersion = 10.0.40219.1
Project("{FAE04EC0-301F-11D3-BF4B-00C04F79EFBC}") = "UsbStartupKey-Service", "UsbStartupKey-Service.csproj", "{8784CF38-6845-4B36-810D-D01F29D7121E}"
EndProject
Global
	GlobalSection(SolutionConfigurationPlatforms) = preSolution
		Debug|Any CPU = Debug|Any CPU
		Release|Any CPU = Release|Any CPU
	EndGlobalSection
	GlobalSection(ProjectConfigurationPlatforms) = postSolution
		{8784CF38-6845-4B36-810D-D01F29D7121E}.Debug|Any CPU.ActiveCfg = Debug|Any CPU
		{8784CF38-6845-4B36-810D-D01F29D7121E}.Debug|Any CPU.Build.0 = Debug|Any CPU
		{8784CF38-6845-4B36-810D-D01F29D7121E}.Release|Any CPU.ActiveCfg = Release|Any CPU
		{8784CF38-6845-4B36-810D-D01F29D7121E}.Release|Any CPU.Build.0 = Release|Any CPU
	EndGlobalSection
	GlobalSection(SolutionProperties) = preSolution
		HideSolutionNode = FALSE
	EndGlobalSection
	GlobalSection(ExtensibilityGlobals) = postSolution
		SolutionGuid = {AAF26AE9-F3A3-444A-9D70-46FC79D6BD03}
	EndGlobalSection
EndGlobal
